
Microsoft Visual Studio Solution File, Format Version 12.00
# Visual Studio 15
VisualStudioVersion = 15.0.27004.2002
MinimumVisualStudioVersion = 10.0.40219.1
Project("{9A19103F-16F7-4668-BE54-9A1E7A4F7556}") = "the run", "the run\the run.csproj", "{BA03256F-7D7B-4B23-91B8-E98DA44AFD39}"
EndProject
Project("{FAE04EC0-301F-11D3-BF4B-00C04F79EFBC}") = "NumberFun", "NumberFun\NumberFun.csproj", "{F90449F6-EAB0-4844-8655-2983DCB81802}"
EndProject
Project("{FAE04EC0-301F-11D3-BF4B-00C04F79EFBC}") = "PICKADOOR", "PICKADOOR\PICKADOOR.csproj", "{9EB7C92B-EC3B-4B53-B841-731975FB167E}"
EndProject
Project("{FAE04EC0-301F-11D3-BF4B-00C04F79EFBC}") = "age program", "age program\age program.csproj", "{BF469D3B-897A-4740-B9CB-D9A61030581E}"
EndProject
Global
	GlobalSection(SolutionConfigurationPlatforms) = preSolution
		Debug|Any CPU = Debug|Any CPU
		Release|Any CPU = Release|Any CPU
	EndGlobalSection
	GlobalSection(ProjectConfigurationPlatforms) = postSolution
		{BA03256F-7D7B-4B23-91B8-E98DA44AFD39}.Debug|Any CPU.ActiveCfg = Debug|Any CPU
		{BA03256F-7D7B-4B23-91B8-E98DA44AFD39}.Debug|Any CPU.Build.0 = Debug|Any CPU
		{BA03256F-7D7B-4B23-91B8-E98DA44AFD39}.Release|Any CPU.ActiveCfg = Release|Any CPU
		{BA03256F-7D7B-4B23-91B8-E98DA44AFD39}.Release|Any CPU.Build.0 = Release|Any CPU
		{F90449F6-EAB0-4844-8655-2983DCB81802}.Debug|Any CPU.ActiveCfg = Debug|Any CPU
		{F90449F6-EAB0-4844-8655-2983DCB81802}.Debug|Any CPU.Build.0 = Debug|Any CPU
		{F90449F6-EAB0-4844-8655-2983DCB81802}.Release|Any CPU.ActiveCfg = Release|Any CPU
		{F90449F6-EAB0-4844-8655-2983DCB81802}.Release|Any CPU.Build.0 = Release|Any CPU
		{9EB7C92B-EC3B-4B53-B841-731975FB167E}.Debug|Any CPU.ActiveCfg = Debug|Any CPU
		{9EB7C92B-EC3B-4B53-B841-731975FB167E}.Debug|Any CPU.Build.0 = Debug|Any CPU
		{9EB7C92B-EC3B-4B53-B841-731975FB167E}.Release|Any CPU.ActiveCfg = Release|Any CPU
		{9EB7C92B-EC3B-4B53-B841-731975FB167E}.Release|Any CPU.Build.0 = Release|Any CPU
		{BF469D3B-897A-4740-B9CB-D9A61030581E}.Debug|Any CPU.ActiveCfg = Debug|Any CPU
		{BF469D3B-897A-4740-B9CB-D9A61030581E}.Debug|Any CPU.Build.0 = Debug|Any CPU
		{BF469D3B-897A-4740-B9CB-D9A61030581E}.Release|Any CPU.ActiveCfg = Release|Any CPU
		{BF469D3B-897A-4740-B9CB-D9A61030581E}.Release|Any CPU.Build.0 = Release|Any CPU
	EndGlobalSection
	GlobalSection(SolutionProperties) = preSolution
		HideSolutionNode = FALSE
	EndGlobalSection
	GlobalSection(ExtensibilityGlobals) = postSolution
		SolutionGuid = {A307A1EF-B97B-4DEE-8BFD-93C03AFC1384}
	EndGlobalSection
EndGlobal
